// !$*UTF8*$!
{
	archiveVersion = 1;
	classes = {
	};
	objectVersion = 56;
	objects = {

/* Begin PBXBuildFile section */
		68A856392CB59920007B6FBB /* FlashzillaApp.swift in Sources */ = {isa = PBXBuildFile; fileRef = 68A856382CB59920007B6FBB /* FlashzillaApp.swift */; };
		68A8563B2CB59920007B6FBB /* ContentView.swift in Sources */ = {isa = PBXBuildFile; fileRef = 68A8563A2CB59920007B6FBB /* ContentView.swift */; };
		68A8563D2CB59926007B6FBB /* Assets.xcassets in Resources */ = {isa = PBXBuildFile; fileRef = 68A8563C2CB59926007B6FBB /* Assets.xcassets */; };
		68A856402CB59926007B6FBB /* Preview Assets.xcassets in Resources */ = {isa = PBXBuildFile; fileRef = 68A8563F2CB59926007B6FBB /* Preview Assets.xcassets */; };
		68A856472CB599AA007B6FBB /* Lesson1View.swift in Sources */ = {isa = PBXBuildFile; fileRef = 68A856462CB599AA007B6FBB /* Lesson1View.swift */; };
		68A856492CB5A36A007B6FBB /* Lesson2View.swift in Sources */ = {isa = PBXBuildFile; fileRef = 68A856482CB5A36A007B6FBB /* Lesson2View.swift */; };
		68A8564B2CB69F03007B6FBB /* Lesson3View.swift in Sources */ = {isa = PBXBuildFile; fileRef = 68A8564A2CB69F03007B6FBB /* Lesson3View.swift */; };
		68A8564D2CB6A0D7007B6FBB /* Lesson4View.swift in Sources */ = {isa = PBXBuildFile; fileRef = 68A8564C2CB6A0D7007B6FBB /* Lesson4View.swift */; };
		68A8564F2CB6A198007B6FBB /* Lesson5View.swift in Sources */ = {isa = PBXBuildFile; fileRef = 68A8564E2CB6A198007B6FBB /* Lesson5View.swift */; };
		68A856512CB6CDA3007B6FBB /* Card.swift in Sources */ = {isa = PBXBuildFile; fileRef = 68A856502CB6CDA3007B6FBB /* Card.swift */; };
		68A856532CB6CE10007B6FBB /* CardView.swift in Sources */ = {isa = PBXBuildFile; fileRef = 68A856522CB6CE10007B6FBB /* CardView.swift */; };
		68A856552CB97305007B6FBB /* EditCards.swift in Sources */ = {isa = PBXBuildFile; fileRef = 68A856542CB97305007B6FBB /* EditCards.swift */; };
/* End PBXBuildFile section */

/* Begin PBXFileReference section */
		68A856352CB59920007B6FBB /* Flashzilla.app */ = {isa = PBXFileReference; explicitFileType = wrapper.application; includeInIndex = 0; path = Flashzilla.app; sourceTree = BUILT_PRODUCTS_DIR; };
		68A856382CB59920007B6FBB /* FlashzillaApp.swift */ = {isa = PBXFileReference; lastKnownFileType = sourcecode.swift; path = FlashzillaApp.swift; sourceTree = "<group>"; };
		68A8563A2CB59920007B6FBB /* ContentView.swift */ = {isa = PBXFileReference; lastKnownFileType = sourcecode.swift; path = ContentView.swift; sourceTree = "<group>"; };
		68A8563C2CB59926007B6FBB /* Assets.xcassets */ = {isa = PBXFileReference; lastKnownFileType = folder.assetcatalog; path = Assets.xcassets; sourceTree = "<group>"; };
		68A8563F2CB59926007B6FBB /* Preview Assets.xcassets */ = {isa = PBXFileReference; lastKnownFileType = folder.assetcatalog; path = "Preview Assets.xcassets"; sourceTree = "<group>"; };
		68A856462CB599AA007B6FBB /* Lesson1View.swift */ = {isa = PBXFileReference; lastKnownFileType = sourcecode.swift; path = Lesson1View.swift; sourceTree = "<group>"; };
		68A856482CB5A36A007B6FBB /* Lesson2View.swift */ = {isa = PBXFileReference; lastKnownFileType = sourcecode.swift; path = Lesson2View.swift; sourceTree = "<group>"; };
		68A8564A2CB69F03007B6FBB /* Lesson3View.swift */ = {isa = PBXFileReference; lastKnownFileType = sourcecode.swift; path = Lesson3View.swift; sourceTree = "<group>"; };
		68A8564C2CB6A0D7007B6FBB /* Lesson4View.swift */ = {isa = PBXFileReference; lastKnownFileType = sourcecode.swift; path = Lesson4View.swift; sourceTree = "<group>"; };
		68A8564E2CB6A198007B6FBB /* Lesson5View.swift */ = {isa = PBXFileReference; lastKnownFileType = sourcecode.swift; path = Lesson5View.swift; sourceTree = "<group>"; };
		68A856502CB6CDA3007B6FBB /* Card.swift */ = {isa = PBXFileReference; lastKnownFileType = sourcecode.swift; path = Card.swift; sourceTree = "<group>"; };
		68A856522CB6CE10007B6FBB /* CardView.swift */ = {isa = PBXFileReference; lastKnownFileType = sourcecode.swift; path = CardView.swift; sourceTree = "<group>"; };
		68A856542CB97305007B6FBB /* EditCards.swift */ = {isa = PBXFileReference; lastKnownFileType = sourcecode.swift; path = EditCards.swift; sourceTree = "<group>"; };
/* End PBXFileReference section */

/* Begin PBXFrameworksBuildPhase section */
		68A856322CB59920007B6FBB /* Frameworks */ = {
			isa = PBXFrameworksBuildPhase;
			buildActionMask = 2147483647;
			files = (
			);
			runOnlyForDeploymentPostprocessing = 0;
		};
/* End PBXFrameworksBuildPhase section */

/* Begin PBXGroup section */
		68A8562C2CB59920007B6FBB = {
			isa = PBXGroup;
			children = (
				68A856372CB59920007B6FBB /* Flashzilla */,
				68A856362CB59920007B6FBB /* Products */,
			);
			sourceTree = "<group>";
		};
		68A856362CB59920007B6FBB /* Products */ = {
			isa = PBXGroup;
			children = (
				68A856352CB59920007B6FBB /* Flashzilla.app */,
			);
			name = Products;
			sourceTree = "<group>";
		};
		68A856372CB59920007B6FBB /* Flashzilla */ = {
			isa = PBXGroup;
			children = (
				68A856382CB59920007B6FBB /* FlashzillaApp.swift */,
				68A8563A2CB59920007B6FBB /* ContentView.swift */,
				68A856502CB6CDA3007B6FBB /* Card.swift */,
				68A856542CB97305007B6FBB /* EditCards.swift */,
				68A856522CB6CE10007B6FBB /* CardView.swift */,
				68A856462CB599AA007B6FBB /* Lesson1View.swift */,
				68A856482CB5A36A007B6FBB /* Lesson2View.swift */,
				68A8564A2CB69F03007B6FBB /* Lesson3View.swift */,
				68A8564C2CB6A0D7007B6FBB /* Lesson4View.swift */,
				68A8564E2CB6A198007B6FBB /* Lesson5View.swift */,
				68A8563C2CB59926007B6FBB /* Assets.xcassets */,
				68A8563E2CB59926007B6FBB /* Preview Content */,
			);
			path = Flashzilla;
			sourceTree = "<group>";
		};
		68A8563E2CB59926007B6FBB /* Preview Content */ = {
			isa = PBXGroup;
			children = (
				68A8563F2CB59926007B6FBB /* Preview Assets.xcassets */,
			);
			path = "Preview Content";
			sourceTree = "<group>";
		};
/* End PBXGroup section */

/* Begin PBXNativeTarget section */
		68A856342CB59920007B6FBB /* Flashzilla */ = {
			isa = PBXNativeTarget;
			buildConfigurationList = 68A856432CB59926007B6FBB /* Build configuration list for PBXNativeTarget "Flashzilla" */;
			buildPhases = (
				68A856312CB59920007B6FBB /* Sources */,
				68A856322CB59920007B6FBB /* Frameworks */,
				68A856332CB59920007B6FBB /* Resources */,
			);
			buildRules = (
			);
			dependencies = (
			);
			name = Flashzilla;
			productName = Flashzilla;
			productReference = 68A856352CB59920007B6FBB /* Flashzilla.app */;
			productType = "com.apple.product-type.application";
		};
/* End PBXNativeTarget section */

/* Begin PBXProject section */
		68A8562D2CB59920007B6FBB /* Project object */ = {
			isa = PBXProject;
			attributes = {
				BuildIndependentTargetsInParallel = 1;
				LastSwiftUpdateCheck = 1520;
				LastUpgradeCheck = 1520;
				TargetAttributes = {
					68A856342CB59920007B6FBB = {
						CreatedOnToolsVersion = 15.2;
					};
				};
			};
			buildConfigurationList = 68A856302CB59920007B6FBB /* Build configuration list for PBXProject "Flashzilla" */;
			compatibilityVersion = "Xcode 14.0";
			developmentRegion = en;
			hasScannedForEncodings = 0;
			knownRegions = (
				en,
				Base,
			);
			mainGroup = 68A8562C2CB59920007B6FBB;
			productRefGroup = 68A856362CB59920007B6FBB /* Products */;
			projectDirPath = "";
			projectRoot = "";
			targets = (
				68A856342CB59920007B6FBB /* Flashzilla */,
			);
		};
/* End PBXProject section */

/* Begin PBXResourcesBuildPhase section */
		68A856332CB59920007B6FBB /* Resources */ = {
			isa = PBXResourcesBuildPhase;
			buildActionMask = 2147483647;
			files = (
				68A856402CB59926007B6FBB /* Preview Assets.xcassets in Resources */,
				68A8563D2CB59926007B6FBB /* Assets.xcassets in Resources */,
			);
			runOnlyForDeploymentPostprocessing = 0;
		};
/* End PBXResourcesBuildPhase section */

/* Begin PBXSourcesBuildPhase section */
		68A856312CB59920007B6FBB /* Sources */ = {
			isa = PBXSourcesBuildPhase;
			buildActionMask = 2147483647;
			files = (
				68A8564F2CB6A198007B6FBB /* Lesson5View.swift in Sources */,
				68A856532CB6CE10007B6FBB /* CardView.swift in Sources */,
				68A8563B2CB59920007B6FBB /* ContentView.swift in Sources */,
				68A856552CB97305007B6FBB /* EditCards.swift in Sources */,
				68A8564D2CB6A0D7007B6FBB /* Lesson4View.swift in Sources */,
				68A856492CB5A36A007B6FBB /* Lesson2View.swift in Sources */,
				68A856472CB599AA007B6FBB /* Lesson1View.swift in Sources */,
				68A856392CB59920007B6FBB /* FlashzillaApp.swift in Sources */,
				68A8564B2CB69F03007B6FBB /* Lesson3View.swift in Sources */,
				68A856512CB6CDA3007B6FBB /* Card.swift in Sources */,
			);
			runOnlyForDeploymentPostprocessing = 0;
		};
/* End PBXSourcesBuildPhase section */

/* Begin XCBuildConfiguration section */
		68A856412CB59926007B6FBB /* Debug */ = {
			isa = XCBuildConfiguration;
			buildSettings = {
				ALWAYS_SEARCH_USER_PATHS = NO;
				ASSETCATALOG_COMPILER_GENERATE_SWIFT_ASSET_SYMBOL_EXTENSIONS = YES;
				CLANG_ANALYZER_NONNULL = YES;
				CLANG_ANALYZER_NUMBER_OBJECT_CONVERSION = YES_AGGRESSIVE;
				CLANG_CXX_LANGUAGE_STANDARD = "gnu++20";
				CLANG_ENABLE_MODULES = YES;
				CLANG_ENABLE_OBJC_ARC = YES;
				CLANG_ENABLE_OBJC_WEAK = YES;
				CLANG_WARN_BLOCK_CAPTURE_AUTORELEASING = YES;
				CLANG_WARN_BOOL_CONVERSION = YES;
				CLANG_WARN_COMMA = YES;
				CLANG_WARN_CONSTANT_CONVERSION = YES;
				CLANG_WARN_DEPRECATED_OBJC_IMPLEMENTATIONS = YES;
				CLANG_WARN_DIRECT_OBJC_ISA_USAGE = YES_ERROR;
				CLANG_WARN_DOCUMENTATION_COMMENTS = YES;
				CLANG_WARN_EMPTY_BODY = YES;
				CLANG_WARN_ENUM_CONVERSION = YES;
				CLANG_WARN_INFINITE_RECURSION = YES;
				CLANG_WARN_INT_CONVERSION = YES;
				CLANG_WARN_NON_LITERAL_NULL_CONVERSION = YES;
				CLANG_WARN_OBJC_IMPLICIT_RETAIN_SELF = YES;
				CLANG_WARN_OBJC_LITERAL_CONVERSION = YES;
				CLANG_WARN_OBJC_ROOT_CLASS = YES_ERROR;
				CLANG_WARN_QUOTED_INCLUDE_IN_FRAMEWORK_HEADER = YES;
				CLANG_WARN_RANGE_LOOP_ANALYSIS = YES;
				CLANG_WARN_STRICT_PROTOTYPES = YES;
				CLANG_WARN_SUSPICIOUS_MOVE = YES;
				CLANG_WARN_UNGUARDED_AVAILABILITY = YES_AGGRESSIVE;
				CLANG_WARN_UNREACHABLE_CODE = YES;
				CLANG_WARN__DUPLICATE_METHOD_MATCH = YES;
				COPY_PHASE_STRIP = NO;
				DEBUG_INFORMATION_FORMAT = dwarf;
				ENABLE_STRICT_OBJC_MSGSEND = YES;
				ENABLE_TESTABILITY = YES;
				ENABLE_USER_SCRIPT_SANDBOXING = YES;
				GCC_C_LANGUAGE_STANDARD = gnu17;
				GCC_DYNAMIC_NO_PIC = NO;
				GCC_NO_COMMON_BLOCKS = YES;
				GCC_OPTIMIZATION_LEVEL = 0;
				GCC_PREPROCESSOR_DEFINITIONS = (
					"DEBUG=1",
					"$(inherited)",
				);
				GCC_WARN_64_TO_32_BIT_CONVERSION = YES;
				GCC_WARN_ABOUT_RETURN_TYPE = YES_ERROR;
				GCC_WARN_UNDECLARED_SELECTOR = YES;
				GCC_WARN_UNINITIALIZED_AUTOS = YES_AGGRESSIVE;
				GCC_WARN_UNUSED_FUNCTION = YES;
				GCC_WARN_UNUSED_VARIABLE = YES;
				IPHONEOS_DEPLOYMENT_TARGET = 17.2;
				LOCALIZATION_PREFERS_STRING_CATALOGS = YES;
				MTL_ENABLE_DEBUG_INFO = INCLUDE_SOURCE;
				MTL_FAST_MATH = YES;
				ONLY_ACTIVE_ARCH = YES;
				SDKROOT = iphoneos;
				SWIFT_ACTIVE_COMPILATION_CONDITIONS = "DEBUG $(inherited)";
				SWIFT_OPTIMIZATION_LEVEL = "-Onone";
			};
			name = Debug;
		};
		68A856422CB59926007B6FBB /* Release */ = {
			isa = XCBuildConfiguration;
			buildSettings = {
				ALWAYS_SEARCH_USER_PATHS = NO;
				ASSETCATALOG_COMPILER_GENERATE_SWIFT_ASSET_SYMBOL_EXTENSIONS = YES;
				CLANG_ANALYZER_NONNULL = YES;
				CLANG_ANALYZER_NUMBER_OBJECT_CONVERSION = YES_AGGRESSIVE;
				CLANG_CXX_LANGUAGE_STANDARD = "gnu++20";
				CLANG_ENABLE_MODULES = YES;
				CLANG_ENABLE_OBJC_ARC = YES;
				CLANG_ENABLE_OBJC_WEAK = YES;
				CLANG_WARN_BLOCK_CAPTURE_AUTORELEASING = YES;
				CLANG_WARN_BOOL_CONVERSION = YES;
				CLANG_WARN_COMMA = YES;
				CLANG_WARN_CONSTANT_CONVERSION = YES;
				CLANG_WARN_DEPRECATED_OBJC_IMPLEMENTATIONS = YES;
				CLANG_WARN_DIRECT_OBJC_ISA_USAGE = YES_ERROR;
				CLANG_WARN_DOCUMENTATION_COMMENTS = YES;
				CLANG_WARN_EMPTY_BODY = YES;
				CLANG_WARN_ENUM_CONVERSION = YES;
				CLANG_WARN_INFINITE_RECURSION = YES;
				CLANG_WARN_INT_CONVERSION = YES;
				CLANG_WARN_NON_LITERAL_NULL_CONVERSION = YES;
				CLANG_WARN_OBJC_IMPLICIT_RETAIN_SELF = YES;
				CLANG_WARN_OBJC_LITERAL_CONVERSION = YES;
				CLANG_WARN_OBJC_ROOT_CLASS = YES_ERROR;
				CLANG_WARN_QUOTED_INCLUDE_IN_FRAMEWORK_HEADER = YES;
				CLANG_WARN_RANGE_LOOP_ANALYSIS = YES;
				CLANG_WARN_STRICT_PROTOTYPES = YES;
				CLANG_WARN_SUSPICIOUS_MOVE = YES;
				CLANG_WARN_UNGUARDED_AVAILABILITY = YES_AGGRESSIVE;
				CLANG_WARN_UNREACHABLE_CODE = YES;
				CLANG_WARN__DUPLICATE_METHOD_MATCH = YES;
				COPY_PHASE_STRIP = NO;
				DEBUG_INFORMATION_FORMAT = "dwarf-with-dsym";
				ENABLE_NS_ASSERTIONS = NO;
				ENABLE_STRICT_OBJC_MSGSEND = YES;
				ENABLE_USER_SCRIPT_SANDBOXING = YES;
				GCC_C_LANGUAGE_STANDARD = gnu17;
				GCC_NO_COMMON_BLOCKS = YES;
				GCC_WARN_64_TO_32_BIT_CONVERSION = YES;
				GCC_WARN_ABOUT_RETURN_TYPE = YES_ERROR;
				GCC_WARN_UNDECLARED_SELECTOR = YES;
				GCC_WARN_UNINITIALIZED_AUTOS = YES_AGGRESSIVE;
				GCC_WARN_UNUSED_FUNCTION = YES;
				GCC_WARN_UNUSED_VARIABLE = YES;
				IPHONEOS_DEPLOYMENT_TARGET = 17.2;
				LOCALIZATION_PREFERS_STRING_CATALOGS = YES;
				MTL_ENABLE_DEBUG_INFO = NO;
				MTL_FAST_MATH = YES;
				SDKROOT = iphoneos;
				SWIFT_COMPILATION_MODE = wholemodule;
				VALIDATE_PRODUCT = YES;
			};
			name = Release;
		};
		68A856442CB59926007B6FBB /* Debug */ = {
			isa = XCBuildConfiguration;
			buildSettings = {
				ASSETCATALOG_COMPILER_APPICON_NAME = AppIcon;
				ASSETCATALOG_COMPILER_GLOBAL_ACCENT_COLOR_NAME = AccentColor;
				CODE_SIGN_STYLE = Automatic;
				CURRENT_PROJECT_VERSION = 1;
				DEVELOPMENT_ASSET_PATHS = "\"Flashzilla/Preview Content\"";
				ENABLE_PREVIEWS = YES;
				GENERATE_INFOPLIST_FILE = YES;
				INFOPLIST_KEY_UIApplicationSceneManifest_Generation = YES;
				INFOPLIST_KEY_UIApplicationSupportsIndirectInputEvents = YES;
				INFOPLIST_KEY_UILaunchScreen_Generation = YES;
				INFOPLIST_KEY_UISupportedInterfaceOrientations = "UIInterfaceOrientationLandscapeLeft UIInterfaceOrientationLandscapeRight";
				INFOPLIST_KEY_UISupportedInterfaceOrientations_iPad = "UIInterfaceOrientationLandscapeLeft UIInterfaceOrientationLandscapeRight UIInterfaceOrientationPortrait UIInterfaceOrientationPortraitUpsideDown";
				LD_RUNPATH_SEARCH_PATHS = (
					"$(inherited)",
					"@executable_path/Frameworks",
				);
				MARKETING_VERSION = 1.0;
				PRODUCT_BUNDLE_IDENTIFIER = TV.Flashzilla;
				PRODUCT_NAME = "$(TARGET_NAME)";
				SWIFT_EMIT_LOC_STRINGS = YES;
				SWIFT_VERSION = 5.0;
				TARGETED_DEVICE_FAMILY = "1,2";
			};
			name = Debug;
		};
		68A856452CB59926007B6FBB /* Release */ = {
			isa = XCBuildConfiguration;
			buildSettings = {
				ASSETCATALOG_COMPILER_APPICON_NAME = AppIcon;
				ASSETCATALOG_COMPILER_GLOBAL_ACCENT_COLOR_NAME = AccentColor;
				CODE_SIGN_STYLE = Automatic;
				CURRENT_PROJECT_VERSION = 1;
				DEVELOPMENT_ASSET_PATHS = "\"Flashzilla/Preview Content\"";
				ENABLE_PREVIEWS = YES;
				GENERATE_INFOPLIST_FILE = YES;
				INFOPLIST_KEY_UIApplicationSceneManifest_Generation = YES;
				INFOPLIST_KEY_UIApplicationSupportsIndirectInputEvents = YES;
				INFOPLIST_KEY_UILaunchScreen_Generation = YES;
				INFOPLIST_KEY_UISupportedInterfaceOrientations = "UIInterfaceOrientationLandscapeLeft UIInterfaceOrientationLandscapeRight";
				INFOPLIST_KEY_UISupportedInterfaceOrientations_iPad = "UIInterfaceOrientationLandscapeLeft UIInterfaceOrientationLandscapeRight UIInterfaceOrientationPortrait UIInterfaceOrientationPortraitUpsideDown";
				LD_RUNPATH_SEARCH_PATHS = (
					"$(inherited)",
					"@executable_path/Frameworks",
				);
				MARKETING_VERSION = 1.0;
				PRODUCT_BUNDLE_IDENTIFIER = TV.Flashzilla;
				PRODUCT_NAME = "$(TARGET_NAME)";
				SWIFT_EMIT_LOC_STRINGS = YES;
				SWIFT_VERSION = 5.0;
				TARGETED_DEVICE_FAMILY = "1,2";
			};
			name = Release;
		};
/* End XCBuildConfiguration section */

/* Begin XCConfigurationList section */
		68A856302CB59920007B6FBB /* Build configuration list for PBXProject "Flashzilla" */ = {
			isa = XCConfigurationList;
			buildConfigurations = (
				68A856412CB59926007B6FBB /* Debug */,
				68A856422CB59926007B6FBB /* Release */,
			);
			defaultConfigurationIsVisible = 0;
			defaultConfigurationName = Release;
		};
		68A856432CB59926007B6FBB /* Build configuration list for PBXNativeTarget "Flashzilla" */ = {
			isa = XCConfigurationList;
			buildConfigurations = (
				68A856442CB59926007B6FBB /* Debug */,
				68A856452CB59926007B6FBB /* Release */,
			);
			defaultConfigurationIsVisible = 0;
			defaultConfigurationName = Release;
		};
/* End XCConfigurationList section */
	};
	rootObject = 68A8562D2CB59920007B6FBB /* Project object */;
}
