// !$*UTF8*$!
{
	archiveVersion = 1;
	classes = {
	};
	objectVersion = 56;
	objects = {

/* Begin PBXBuildFile section */
		688A910E2C9DDC4C004F5EE8 /* Lesson6View.swift in Sources */ = {isa = PBXBuildFile; fileRef = 688A910D2C9DDC4C004F5EE8 /* Lesson6View.swift */; };
		688A91102C9DE1D8004F5EE8 /* Lesson7View.swift in Sources */ = {isa = PBXBuildFile; fileRef = 688A910F2C9DE1D8004F5EE8 /* Lesson7View.swift */; };
		688A91122C9DE2AF004F5EE8 /* Lesson8View.swift in Sources */ = {isa = PBXBuildFile; fileRef = 688A91112C9DE2AF004F5EE8 /* Lesson8View.swift */; };
		6897FD6D2C9CD4C10061518E /* AnimationsApp.swift in Sources */ = {isa = PBXBuildFile; fileRef = 6897FD6C2C9CD4C10061518E /* AnimationsApp.swift */; };
		6897FD712C9CD4C50061518E /* Assets.xcassets in Resources */ = {isa = PBXBuildFile; fileRef = 6897FD702C9CD4C50061518E /* Assets.xcassets */; };
		6897FD742C9CD4C50061518E /* Preview Assets.xcassets in Resources */ = {isa = PBXBuildFile; fileRef = 6897FD732C9CD4C50061518E /* Preview Assets.xcassets */; };
		6897FD7B2C9CD4E00061518E /* Lesson1View.swift in Sources */ = {isa = PBXBuildFile; fileRef = 6897FD7A2C9CD4E00061518E /* Lesson1View.swift */; };
		6897FD7D2C9CD6260061518E /* Lesson2View.swift in Sources */ = {isa = PBXBuildFile; fileRef = 6897FD7C2C9CD6260061518E /* Lesson2View.swift */; };
		6897FD7F2C9CD9230061518E /* Lesson3View.swift in Sources */ = {isa = PBXBuildFile; fileRef = 6897FD7E2C9CD9230061518E /* Lesson3View.swift */; };
		6897FD812C9CDA8B0061518E /* Lesson4View.swift in Sources */ = {isa = PBXBuildFile; fileRef = 6897FD802C9CDA8B0061518E /* Lesson4View.swift */; };
		6897FD832C9CDBF70061518E /* Lesson5View.swift in Sources */ = {isa = PBXBuildFile; fileRef = 6897FD822C9CDBF70061518E /* Lesson5View.swift */; };
/* End PBXBuildFile section */

/* Begin PBXFileReference section */
		688A910D2C9DDC4C004F5EE8 /* Lesson6View.swift */ = {isa = PBXFileReference; lastKnownFileType = sourcecode.swift; path = Lesson6View.swift; sourceTree = "<group>"; };
		688A910F2C9DE1D8004F5EE8 /* Lesson7View.swift */ = {isa = PBXFileReference; lastKnownFileType = sourcecode.swift; path = Lesson7View.swift; sourceTree = "<group>"; };
		688A91112C9DE2AF004F5EE8 /* Lesson8View.swift */ = {isa = PBXFileReference; lastKnownFileType = sourcecode.swift; path = Lesson8View.swift; sourceTree = "<group>"; };
		6897FD692C9CD4C10061518E /* Animations.app */ = {isa = PBXFileReference; explicitFileType = wrapper.application; includeInIndex = 0; path = Animations.app; sourceTree = BUILT_PRODUCTS_DIR; };
		6897FD6C2C9CD4C10061518E /* AnimationsApp.swift */ = {isa = PBXFileReference; lastKnownFileType = sourcecode.swift; path = AnimationsApp.swift; sourceTree = "<group>"; };
		6897FD702C9CD4C50061518E /* Assets.xcassets */ = {isa = PBXFileReference; lastKnownFileType = folder.assetcatalog; path = Assets.xcassets; sourceTree = "<group>"; };
		6897FD732C9CD4C50061518E /* Preview Assets.xcassets */ = {isa = PBXFileReference; lastKnownFileType = folder.assetcatalog; path = "Preview Assets.xcassets"; sourceTree = "<group>"; };
		6897FD7A2C9CD4E00061518E /* Lesson1View.swift */ = {isa = PBXFileReference; lastKnownFileType = sourcecode.swift; path = Lesson1View.swift; sourceTree = "<group>"; };
		6897FD7C2C9CD6260061518E /* Lesson2View.swift */ = {isa = PBXFileReference; lastKnownFileType = sourcecode.swift; path = Lesson2View.swift; sourceTree = "<group>"; };
		6897FD7E2C9CD9230061518E /* Lesson3View.swift */ = {isa = PBXFileReference; lastKnownFileType = sourcecode.swift; path = Lesson3View.swift; sourceTree = "<group>"; };
		6897FD802C9CDA8B0061518E /* Lesson4View.swift */ = {isa = PBXFileReference; lastKnownFileType = sourcecode.swift; path = Lesson4View.swift; sourceTree = "<group>"; };
		6897FD822C9CDBF70061518E /* Lesson5View.swift */ = {isa = PBXFileReference; lastKnownFileType = sourcecode.swift; path = Lesson5View.swift; sourceTree = "<group>"; };
/* End PBXFileReference section */

/* Begin PBXFrameworksBuildPhase section */
		6897FD662C9CD4C10061518E /* Frameworks */ = {
			isa = PBXFrameworksBuildPhase;
			buildActionMask = 2147483647;
			files = (
			);
			runOnlyForDeploymentPostprocessing = 0;
		};
/* End PBXFrameworksBuildPhase section */

/* Begin PBXGroup section */
		6897FD602C9CD4C10061518E = {
			isa = PBXGroup;
			children = (
				6897FD6B2C9CD4C10061518E /* Animations */,
				6897FD6A2C9CD4C10061518E /* Products */,
			);
			sourceTree = "<group>";
		};
		6897FD6A2C9CD4C10061518E /* Products */ = {
			isa = PBXGroup;
			children = (
				6897FD692C9CD4C10061518E /* Animations.app */,
			);
			name = Products;
			sourceTree = "<group>";
		};
		6897FD6B2C9CD4C10061518E /* Animations */ = {
			isa = PBXGroup;
			children = (
				6897FD6C2C9CD4C10061518E /* AnimationsApp.swift */,
				6897FD7A2C9CD4E00061518E /* Lesson1View.swift */,
				6897FD7C2C9CD6260061518E /* Lesson2View.swift */,
				6897FD7E2C9CD9230061518E /* Lesson3View.swift */,
				6897FD802C9CDA8B0061518E /* Lesson4View.swift */,
				6897FD822C9CDBF70061518E /* Lesson5View.swift */,
				688A910D2C9DDC4C004F5EE8 /* Lesson6View.swift */,
				688A910F2C9DE1D8004F5EE8 /* Lesson7View.swift */,
				688A91112C9DE2AF004F5EE8 /* Lesson8View.swift */,
				6897FD702C9CD4C50061518E /* Assets.xcassets */,
				6897FD722C9CD4C50061518E /* Preview Content */,
			);
			path = Animations;
			sourceTree = "<group>";
		};
		6897FD722C9CD4C50061518E /* Preview Content */ = {
			isa = PBXGroup;
			children = (
				6897FD732C9CD4C50061518E /* Preview Assets.xcassets */,
			);
			path = "Preview Content";
			sourceTree = "<group>";
		};
/* End PBXGroup section */

/* Begin PBXNativeTarget section */
		6897FD682C9CD4C10061518E /* Animations */ = {
			isa = PBXNativeTarget;
			buildConfigurationList = 6897FD772C9CD4C50061518E /* Build configuration list for PBXNativeTarget "Animations" */;
			buildPhases = (
				6897FD652C9CD4C10061518E /* Sources */,
				6897FD662C9CD4C10061518E /* Frameworks */,
				6897FD672C9CD4C10061518E /* Resources */,
			);
			buildRules = (
			);
			dependencies = (
			);
			name = Animations;
			productName = Animations;
			productReference = 6897FD692C9CD4C10061518E /* Animations.app */;
			productType = "com.apple.product-type.application";
		};
/* End PBXNativeTarget section */

/* Begin PBXProject section */
		6897FD612C9CD4C10061518E /* Project object */ = {
			isa = PBXProject;
			attributes = {
				BuildIndependentTargetsInParallel = 1;
				LastSwiftUpdateCheck = 1520;
				LastUpgradeCheck = 1520;
				TargetAttributes = {
					6897FD682C9CD4C10061518E = {
						CreatedOnToolsVersion = 15.2;
					};
				};
			};
			buildConfigurationList = 6897FD642C9CD4C10061518E /* Build configuration list for PBXProject "Animations" */;
			compatibilityVersion = "Xcode 14.0";
			developmentRegion = en;
			hasScannedForEncodings = 0;
			knownRegions = (
				en,
				Base,
			);
			mainGroup = 6897FD602C9CD4C10061518E;
			productRefGroup = 6897FD6A2C9CD4C10061518E /* Products */;
			projectDirPath = "";
			projectRoot = "";
			targets = (
				6897FD682C9CD4C10061518E /* Animations */,
			);
		};
/* End PBXProject section */

/* Begin PBXResourcesBuildPhase section */
		6897FD672C9CD4C10061518E /* Resources */ = {
			isa = PBXResourcesBuildPhase;
			buildActionMask = 2147483647;
			files = (
				6897FD742C9CD4C50061518E /* Preview Assets.xcassets in Resources */,
				6897FD712C9CD4C50061518E /* Assets.xcassets in Resources */,
			);
			runOnlyForDeploymentPostprocessing = 0;
		};
/* End PBXResourcesBuildPhase section */

/* Begin PBXSourcesBuildPhase section */
		6897FD652C9CD4C10061518E /* Sources */ = {
			isa = PBXSourcesBuildPhase;
			buildActionMask = 2147483647;
			files = (
				6897FD832C9CDBF70061518E /* Lesson5View.swift in Sources */,
				688A910E2C9DDC4C004F5EE8 /* Lesson6View.swift in Sources */,
				688A91122C9DE2AF004F5EE8 /* Lesson8View.swift in Sources */,
				688A91102C9DE1D8004F5EE8 /* Lesson7View.swift in Sources */,
				6897FD812C9CDA8B0061518E /* Lesson4View.swift in Sources */,
				6897FD7D2C9CD6260061518E /* Lesson2View.swift in Sources */,
				6897FD7B2C9CD4E00061518E /* Lesson1View.swift in Sources */,
				6897FD6D2C9CD4C10061518E /* AnimationsApp.swift in Sources */,
				6897FD7F2C9CD9230061518E /* Lesson3View.swift in Sources */,
			);
			runOnlyForDeploymentPostprocessing = 0;
		};
/* End PBXSourcesBuildPhase section */

/* Begin XCBuildConfiguration section */
		6897FD752C9CD4C50061518E /* Debug */ = {
			isa = XCBuildConfiguration;
			buildSettings = {
				ALWAYS_SEARCH_USER_PATHS = NO;
				ASSETCATALOG_COMPILER_GENERATE_SWIFT_ASSET_SYMBOL_EXTENSIONS = YES;
				CLANG_ANALYZER_NONNULL = YES;
				CLANG_ANALYZER_NUMBER_OBJECT_CONVERSION = YES_AGGRESSIVE;
				CLANG_CXX_LANGUAGE_STANDARD = "gnu++20";
				CLANG_ENABLE_MODULES = YES;
				CLANG_ENABLE_OBJC_ARC = YES;
				CLANG_ENABLE_OBJC_WEAK = YES;
				CLANG_WARN_BLOCK_CAPTURE_AUTORELEASING = YES;
				CLANG_WARN_BOOL_CONVERSION = YES;
				CLANG_WARN_COMMA = YES;
				CLANG_WARN_CONSTANT_CONVERSION = YES;
				CLANG_WARN_DEPRECATED_OBJC_IMPLEMENTATIONS = YES;
				CLANG_WARN_DIRECT_OBJC_ISA_USAGE = YES_ERROR;
				CLANG_WARN_DOCUMENTATION_COMMENTS = YES;
				CLANG_WARN_EMPTY_BODY = YES;
				CLANG_WARN_ENUM_CONVERSION = YES;
				CLANG_WARN_INFINITE_RECURSION = YES;
				CLANG_WARN_INT_CONVERSION = YES;
				CLANG_WARN_NON_LITERAL_NULL_CONVERSION = YES;
				CLANG_WARN_OBJC_IMPLICIT_RETAIN_SELF = YES;
				CLANG_WARN_OBJC_LITERAL_CONVERSION = YES;
				CLANG_WARN_OBJC_ROOT_CLASS = YES_ERROR;
				CLANG_WARN_QUOTED_INCLUDE_IN_FRAMEWORK_HEADER = YES;
				CLANG_WARN_RANGE_LOOP_ANALYSIS = YES;
				CLANG_WARN_STRICT_PROTOTYPES = YES;
				CLANG_WARN_SUSPICIOUS_MOVE = YES;
				CLANG_WARN_UNGUARDED_AVAILABILITY = YES_AGGRESSIVE;
				CLANG_WARN_UNREACHABLE_CODE = YES;
				CLANG_WARN__DUPLICATE_METHOD_MATCH = YES;
				COPY_PHASE_STRIP = NO;
				DEBUG_INFORMATION_FORMAT = dwarf;
				ENABLE_STRICT_OBJC_MSGSEND = YES;
				ENABLE_TESTABILITY = YES;
				ENABLE_USER_SCRIPT_SANDBOXING = YES;
				GCC_C_LANGUAGE_STANDARD = gnu17;
				GCC_DYNAMIC_NO_PIC = NO;
				GCC_NO_COMMON_BLOCKS = YES;
				GCC_OPTIMIZATION_LEVEL = 0;
				GCC_PREPROCESSOR_DEFINITIONS = (
					"DEBUG=1",
					"$(inherited)",
				);
				GCC_WARN_64_TO_32_BIT_CONVERSION = YES;
				GCC_WARN_ABOUT_RETURN_TYPE = YES_ERROR;
				GCC_WARN_UNDECLARED_SELECTOR = YES;
				GCC_WARN_UNINITIALIZED_AUTOS = YES_AGGRESSIVE;
				GCC_WARN_UNUSED_FUNCTION = YES;
				GCC_WARN_UNUSED_VARIABLE = YES;
				IPHONEOS_DEPLOYMENT_TARGET = 17.2;
				LOCALIZATION_PREFERS_STRING_CATALOGS = YES;
				MTL_ENABLE_DEBUG_INFO = INCLUDE_SOURCE;
				MTL_FAST_MATH = YES;
				ONLY_ACTIVE_ARCH = YES;
				SDKROOT = iphoneos;
				SWIFT_ACTIVE_COMPILATION_CONDITIONS = "DEBUG $(inherited)";
				SWIFT_OPTIMIZATION_LEVEL = "-Onone";
			};
			name = Debug;
		};
		6897FD762C9CD4C50061518E /* Release */ = {
			isa = XCBuildConfiguration;
			buildSettings = {
				ALWAYS_SEARCH_USER_PATHS = NO;
				ASSETCATALOG_COMPILER_GENERATE_SWIFT_ASSET_SYMBOL_EXTENSIONS = YES;
				CLANG_ANALYZER_NONNULL = YES;
				CLANG_ANALYZER_NUMBER_OBJECT_CONVERSION = YES_AGGRESSIVE;
				CLANG_CXX_LANGUAGE_STANDARD = "gnu++20";
				CLANG_ENABLE_MODULES = YES;
				CLANG_ENABLE_OBJC_ARC = YES;
				CLANG_ENABLE_OBJC_WEAK = YES;
				CLANG_WARN_BLOCK_CAPTURE_AUTORELEASING = YES;
				CLANG_WARN_BOOL_CONVERSION = YES;
				CLANG_WARN_COMMA = YES;
				CLANG_WARN_CONSTANT_CONVERSION = YES;
				CLANG_WARN_DEPRECATED_OBJC_IMPLEMENTATIONS = YES;
				CLANG_WARN_DIRECT_OBJC_ISA_USAGE = YES_ERROR;
				CLANG_WARN_DOCUMENTATION_COMMENTS = YES;
				CLANG_WARN_EMPTY_BODY = YES;
				CLANG_WARN_ENUM_CONVERSION = YES;
				CLANG_WARN_INFINITE_RECURSION = YES;
				CLANG_WARN_INT_CONVERSION = YES;
				CLANG_WARN_NON_LITERAL_NULL_CONVERSION = YES;
				CLANG_WARN_OBJC_IMPLICIT_RETAIN_SELF = YES;
				CLANG_WARN_OBJC_LITERAL_CONVERSION = YES;
				CLANG_WARN_OBJC_ROOT_CLASS = YES_ERROR;
				CLANG_WARN_QUOTED_INCLUDE_IN_FRAMEWORK_HEADER = YES;
				CLANG_WARN_RANGE_LOOP_ANALYSIS = YES;
				CLANG_WARN_STRICT_PROTOTYPES = YES;
				CLANG_WARN_SUSPICIOUS_MOVE = YES;
				CLANG_WARN_UNGUARDED_AVAILABILITY = YES_AGGRESSIVE;
				CLANG_WARN_UNREACHABLE_CODE = YES;
				CLANG_WARN__DUPLICATE_METHOD_MATCH = YES;
				COPY_PHASE_STRIP = NO;
				DEBUG_INFORMATION_FORMAT = "dwarf-with-dsym";
				ENABLE_NS_ASSERTIONS = NO;
				ENABLE_STRICT_OBJC_MSGSEND = YES;
				ENABLE_USER_SCRIPT_SANDBOXING = YES;
				GCC_C_LANGUAGE_STANDARD = gnu17;
				GCC_NO_COMMON_BLOCKS = YES;
				GCC_WARN_64_TO_32_BIT_CONVERSION = YES;
				GCC_WARN_ABOUT_RETURN_TYPE = YES_ERROR;
				GCC_WARN_UNDECLARED_SELECTOR = YES;
				GCC_WARN_UNINITIALIZED_AUTOS = YES_AGGRESSIVE;
				GCC_WARN_UNUSED_FUNCTION = YES;
				GCC_WARN_UNUSED_VARIABLE = YES;
				IPHONEOS_DEPLOYMENT_TARGET = 17.2;
				LOCALIZATION_PREFERS_STRING_CATALOGS = YES;
				MTL_ENABLE_DEBUG_INFO = NO;
				MTL_FAST_MATH = YES;
				SDKROOT = iphoneos;
				SWIFT_COMPILATION_MODE = wholemodule;
				VALIDATE_PRODUCT = YES;
			};
			name = Release;
		};
		6897FD782C9CD4C50061518E /* Debug */ = {
			isa = XCBuildConfiguration;
			buildSettings = {
				ASSETCATALOG_COMPILER_APPICON_NAME = AppIcon;
				ASSETCATALOG_COMPILER_GLOBAL_ACCENT_COLOR_NAME = AccentColor;
				CODE_SIGN_STYLE = Automatic;
				CURRENT_PROJECT_VERSION = 1;
				DEVELOPMENT_ASSET_PATHS = "\"Animations/Preview Content\"";
				ENABLE_PREVIEWS = YES;
				GENERATE_INFOPLIST_FILE = YES;
				INFOPLIST_KEY_UIApplicationSceneManifest_Generation = YES;
				INFOPLIST_KEY_UIApplicationSupportsIndirectInputEvents = YES;
				INFOPLIST_KEY_UILaunchScreen_Generation = YES;
				INFOPLIST_KEY_UISupportedInterfaceOrientations_iPad = "UIInterfaceOrientationPortrait UIInterfaceOrientationPortraitUpsideDown UIInterfaceOrientationLandscapeLeft UIInterfaceOrientationLandscapeRight";
				INFOPLIST_KEY_UISupportedInterfaceOrientations_iPhone = "UIInterfaceOrientationPortrait UIInterfaceOrientationLandscapeLeft UIInterfaceOrientationLandscapeRight";
				LD_RUNPATH_SEARCH_PATHS = (
					"$(inherited)",
					"@executable_path/Frameworks",
				);
				MARKETING_VERSION = 1.0;
				PRODUCT_BUNDLE_IDENTIFIER = TV.Animations;
				PRODUCT_NAME = "$(TARGET_NAME)";
				SWIFT_EMIT_LOC_STRINGS = YES;
				SWIFT_VERSION = 5.0;
				TARGETED_DEVICE_FAMILY = "1,2";
			};
			name = Debug;
		};
		6897FD792C9CD4C50061518E /* Release */ = {
			isa = XCBuildConfiguration;
			buildSettings = {
				ASSETCATALOG_COMPILER_APPICON_NAME = AppIcon;
				ASSETCATALOG_COMPILER_GLOBAL_ACCENT_COLOR_NAME = AccentColor;
				CODE_SIGN_STYLE = Automatic;
				CURRENT_PROJECT_VERSION = 1;
				DEVELOPMENT_ASSET_PATHS = "\"Animations/Preview Content\"";
				ENABLE_PREVIEWS = YES;
				GENERATE_INFOPLIST_FILE = YES;
				INFOPLIST_KEY_UIApplicationSceneManifest_Generation = YES;
				INFOPLIST_KEY_UIApplicationSupportsIndirectInputEvents = YES;
				INFOPLIST_KEY_UILaunchScreen_Generation = YES;
				INFOPLIST_KEY_UISupportedInterfaceOrientations_iPad = "UIInterfaceOrientationPortrait UIInterfaceOrientationPortraitUpsideDown UIInterfaceOrientationLandscapeLeft UIInterfaceOrientationLandscapeRight";
				INFOPLIST_KEY_UISupportedInterfaceOrientations_iPhone = "UIInterfaceOrientationPortrait UIInterfaceOrientationLandscapeLeft UIInterfaceOrientationLandscapeRight";
				LD_RUNPATH_SEARCH_PATHS = (
					"$(inherited)",
					"@executable_path/Frameworks",
				);
				MARKETING_VERSION = 1.0;
				PRODUCT_BUNDLE_IDENTIFIER = TV.Animations;
				PRODUCT_NAME = "$(TARGET_NAME)";
				SWIFT_EMIT_LOC_STRINGS = YES;
				SWIFT_VERSION = 5.0;
				TARGETED_DEVICE_FAMILY = "1,2";
			};
			name = Release;
		};
/* End XCBuildConfiguration section */

/* Begin XCConfigurationList section */
		6897FD642C9CD4C10061518E /* Build configuration list for PBXProject "Animations" */ = {
			isa = XCConfigurationList;
			buildConfigurations = (
				6897FD752C9CD4C50061518E /* Debug */,
				6897FD762C9CD4C50061518E /* Release */,
			);
			defaultConfigurationIsVisible = 0;
			defaultConfigurationName = Release;
		};
		6897FD772C9CD4C50061518E /* Build configuration list for PBXNativeTarget "Animations" */ = {
			isa = XCConfigurationList;
			buildConfigurations = (
				6897FD782C9CD4C50061518E /* Debug */,
				6897FD792C9CD4C50061518E /* Release */,
			);
			defaultConfigurationIsVisible = 0;
			defaultConfigurationName = Release;
		};
/* End XCConfigurationList section */
	};
	rootObject = 6897FD612C9CD4C10061518E /* Project object */;
}
