// !$*UTF8*$!
{
	archiveVersion = 1;
	classes = {
	};
	objectVersion = 56;
	objects = {

/* Begin PBXBuildFile section */
		6883953A2C88F90200032727 /* Lesson4View.swift in Sources */ = {isa = PBXBuildFile; fileRef = 688395392C88F90200032727 /* Lesson4View.swift */; };
		6883953C2C88FF3600032727 /* Lesson5View.swift in Sources */ = {isa = PBXBuildFile; fileRef = 6883953B2C88FF3600032727 /* Lesson5View.swift */; };
		689171CF2C849DD50099F5EB /* BucketListApp.swift in Sources */ = {isa = PBXBuildFile; fileRef = 689171CE2C849DD50099F5EB /* BucketListApp.swift */; };
		689171D12C849DD50099F5EB /* ContentView.swift in Sources */ = {isa = PBXBuildFile; fileRef = 689171D02C849DD50099F5EB /* ContentView.swift */; };
		689171D32C849DDA0099F5EB /* Assets.xcassets in Resources */ = {isa = PBXBuildFile; fileRef = 689171D22C849DDA0099F5EB /* Assets.xcassets */; };
		689171D62C849DDA0099F5EB /* Preview Assets.xcassets in Resources */ = {isa = PBXBuildFile; fileRef = 689171D52C849DDA0099F5EB /* Preview Assets.xcassets */; };
		689171DF2C85FE8F0099F5EB /* Lesson1View.swift in Sources */ = {isa = PBXBuildFile; fileRef = 689171DE2C85FE8F0099F5EB /* Lesson1View.swift */; };
		689171E12C8601CE0099F5EB /* Lesson2View.swift in Sources */ = {isa = PBXBuildFile; fileRef = 689171E02C8601CE0099F5EB /* Lesson2View.swift */; };
		689171E32C861DA10099F5EB /* Lesson3View.swift in Sources */ = {isa = PBXBuildFile; fileRef = 689171E22C861DA10099F5EB /* Lesson3View.swift */; };
		68AC6F4E2C8B4D8E00846172 /* Location.swift in Sources */ = {isa = PBXBuildFile; fileRef = 68AC6F4D2C8B4D8E00846172 /* Location.swift */; };
		68AC6F502C8B637600846172 /* EditView.swift in Sources */ = {isa = PBXBuildFile; fileRef = 68AC6F4F2C8B637600846172 /* EditView.swift */; };
		68AC6F522C8F5B3400846172 /* Result.swift in Sources */ = {isa = PBXBuildFile; fileRef = 68AC6F512C8F5B3400846172 /* Result.swift */; };
		68AC6F542C8F681F00846172 /* ContentView-ViewModel.swift in Sources */ = {isa = PBXBuildFile; fileRef = 68AC6F532C8F681F00846172 /* ContentView-ViewModel.swift */; };
/* End PBXBuildFile section */

/* Begin PBXFileReference section */
		688395392C88F90200032727 /* Lesson4View.swift */ = {isa = PBXFileReference; lastKnownFileType = sourcecode.swift; path = Lesson4View.swift; sourceTree = "<group>"; };
		6883953B2C88FF3600032727 /* Lesson5View.swift */ = {isa = PBXFileReference; lastKnownFileType = sourcecode.swift; path = Lesson5View.swift; sourceTree = "<group>"; };
		689171CB2C849DD50099F5EB /* BucketList.app */ = {isa = PBXFileReference; explicitFileType = wrapper.application; includeInIndex = 0; path = BucketList.app; sourceTree = BUILT_PRODUCTS_DIR; };
		689171CE2C849DD50099F5EB /* BucketListApp.swift */ = {isa = PBXFileReference; lastKnownFileType = sourcecode.swift; path = BucketListApp.swift; sourceTree = "<group>"; };
		689171D02C849DD50099F5EB /* ContentView.swift */ = {isa = PBXFileReference; lastKnownFileType = sourcecode.swift; path = ContentView.swift; sourceTree = "<group>"; };
		689171D22C849DDA0099F5EB /* Assets.xcassets */ = {isa = PBXFileReference; lastKnownFileType = folder.assetcatalog; path = Assets.xcassets; sourceTree = "<group>"; };
		689171D52C849DDA0099F5EB /* Preview Assets.xcassets */ = {isa = PBXFileReference; lastKnownFileType = folder.assetcatalog; path = "Preview Assets.xcassets"; sourceTree = "<group>"; };
		689171DE2C85FE8F0099F5EB /* Lesson1View.swift */ = {isa = PBXFileReference; lastKnownFileType = sourcecode.swift; path = Lesson1View.swift; sourceTree = "<group>"; };
		689171E02C8601CE0099F5EB /* Lesson2View.swift */ = {isa = PBXFileReference; lastKnownFileType = sourcecode.swift; path = Lesson2View.swift; sourceTree = "<group>"; };
		689171E22C861DA10099F5EB /* Lesson3View.swift */ = {isa = PBXFileReference; lastKnownFileType = sourcecode.swift; path = Lesson3View.swift; sourceTree = "<group>"; };
		68AC6F4D2C8B4D8E00846172 /* Location.swift */ = {isa = PBXFileReference; lastKnownFileType = sourcecode.swift; path = Location.swift; sourceTree = "<group>"; };
		68AC6F4F2C8B637600846172 /* EditView.swift */ = {isa = PBXFileReference; lastKnownFileType = sourcecode.swift; path = EditView.swift; sourceTree = "<group>"; };
		68AC6F512C8F5B3400846172 /* Result.swift */ = {isa = PBXFileReference; lastKnownFileType = sourcecode.swift; path = Result.swift; sourceTree = "<group>"; };
		68AC6F532C8F681F00846172 /* ContentView-ViewModel.swift */ = {isa = PBXFileReference; lastKnownFileType = sourcecode.swift; path = "ContentView-ViewModel.swift"; sourceTree = "<group>"; };
/* End PBXFileReference section */

/* Begin PBXFrameworksBuildPhase section */
		689171C82C849DD50099F5EB /* Frameworks */ = {
			isa = PBXFrameworksBuildPhase;
			buildActionMask = 2147483647;
			files = (
			);
			runOnlyForDeploymentPostprocessing = 0;
		};
/* End PBXFrameworksBuildPhase section */

/* Begin PBXGroup section */
		689171C22C849DD50099F5EB = {
			isa = PBXGroup;
			children = (
				689171CD2C849DD50099F5EB /* BucketList */,
				689171CC2C849DD50099F5EB /* Products */,
			);
			sourceTree = "<group>";
		};
		689171CC2C849DD50099F5EB /* Products */ = {
			isa = PBXGroup;
			children = (
				689171CB2C849DD50099F5EB /* BucketList.app */,
			);
			name = Products;
			sourceTree = "<group>";
		};
		689171CD2C849DD50099F5EB /* BucketList */ = {
			isa = PBXGroup;
			children = (
				689171CE2C849DD50099F5EB /* BucketListApp.swift */,
				689171D02C849DD50099F5EB /* ContentView.swift */,
				68AC6F4F2C8B637600846172 /* EditView.swift */,
				68AC6F532C8F681F00846172 /* ContentView-ViewModel.swift */,
				68AC6F512C8F5B3400846172 /* Result.swift */,
				68AC6F4D2C8B4D8E00846172 /* Location.swift */,
				689171DE2C85FE8F0099F5EB /* Lesson1View.swift */,
				689171E02C8601CE0099F5EB /* Lesson2View.swift */,
				689171E22C861DA10099F5EB /* Lesson3View.swift */,
				688395392C88F90200032727 /* Lesson4View.swift */,
				6883953B2C88FF3600032727 /* Lesson5View.swift */,
				689171D22C849DDA0099F5EB /* Assets.xcassets */,
				689171D42C849DDA0099F5EB /* Preview Content */,
			);
			path = BucketList;
			sourceTree = "<group>";
		};
		689171D42C849DDA0099F5EB /* Preview Content */ = {
			isa = PBXGroup;
			children = (
				689171D52C849DDA0099F5EB /* Preview Assets.xcassets */,
			);
			path = "Preview Content";
			sourceTree = "<group>";
		};
/* End PBXGroup section */

/* Begin PBXNativeTarget section */
		689171CA2C849DD50099F5EB /* BucketList */ = {
			isa = PBXNativeTarget;
			buildConfigurationList = 689171D92C849DDA0099F5EB /* Build configuration list for PBXNativeTarget "BucketList" */;
			buildPhases = (
				689171C72C849DD50099F5EB /* Sources */,
				689171C82C849DD50099F5EB /* Frameworks */,
				689171C92C849DD50099F5EB /* Resources */,
			);
			buildRules = (
			);
			dependencies = (
			);
			name = BucketList;
			productName = BucketList;
			productReference = 689171CB2C849DD50099F5EB /* BucketList.app */;
			productType = "com.apple.product-type.application";
		};
/* End PBXNativeTarget section */

/* Begin PBXProject section */
		689171C32C849DD50099F5EB /* Project object */ = {
			isa = PBXProject;
			attributes = {
				BuildIndependentTargetsInParallel = 1;
				LastSwiftUpdateCheck = 1520;
				LastUpgradeCheck = 1520;
				TargetAttributes = {
					689171CA2C849DD50099F5EB = {
						CreatedOnToolsVersion = 15.2;
					};
				};
			};
			buildConfigurationList = 689171C62C849DD50099F5EB /* Build configuration list for PBXProject "BucketList" */;
			compatibilityVersion = "Xcode 14.0";
			developmentRegion = en;
			hasScannedForEncodings = 0;
			knownRegions = (
				en,
				Base,
			);
			mainGroup = 689171C22C849DD50099F5EB;
			productRefGroup = 689171CC2C849DD50099F5EB /* Products */;
			projectDirPath = "";
			projectRoot = "";
			targets = (
				689171CA2C849DD50099F5EB /* BucketList */,
			);
		};
/* End PBXProject section */

/* Begin PBXResourcesBuildPhase section */
		689171C92C849DD50099F5EB /* Resources */ = {
			isa = PBXResourcesBuildPhase;
			buildActionMask = 2147483647;
			files = (
				689171D62C849DDA0099F5EB /* Preview Assets.xcassets in Resources */,
				689171D32C849DDA0099F5EB /* Assets.xcassets in Resources */,
			);
			runOnlyForDeploymentPostprocessing = 0;
		};
/* End PBXResourcesBuildPhase section */

/* Begin PBXSourcesBuildPhase section */
		689171C72C849DD50099F5EB /* Sources */ = {
			isa = PBXSourcesBuildPhase;
			buildActionMask = 2147483647;
			files = (
				6883953C2C88FF3600032727 /* Lesson5View.swift in Sources */,
				689171DF2C85FE8F0099F5EB /* Lesson1View.swift in Sources */,
				68AC6F4E2C8B4D8E00846172 /* Location.swift in Sources */,
				6883953A2C88F90200032727 /* Lesson4View.swift in Sources */,
				689171E12C8601CE0099F5EB /* Lesson2View.swift in Sources */,
				68AC6F502C8B637600846172 /* EditView.swift in Sources */,
				68AC6F522C8F5B3400846172 /* Result.swift in Sources */,
				68AC6F542C8F681F00846172 /* ContentView-ViewModel.swift in Sources */,
				689171D12C849DD50099F5EB /* ContentView.swift in Sources */,
				689171CF2C849DD50099F5EB /* BucketListApp.swift in Sources */,
				689171E32C861DA10099F5EB /* Lesson3View.swift in Sources */,
			);
			runOnlyForDeploymentPostprocessing = 0;
		};
/* End PBXSourcesBuildPhase section */

/* Begin XCBuildConfiguration section */
		689171D72C849DDA0099F5EB /* Debug */ = {
			isa = XCBuildConfiguration;
			buildSettings = {
				ALWAYS_SEARCH_USER_PATHS = NO;
				ASSETCATALOG_COMPILER_GENERATE_SWIFT_ASSET_SYMBOL_EXTENSIONS = YES;
				CLANG_ANALYZER_NONNULL = YES;
				CLANG_ANALYZER_NUMBER_OBJECT_CONVERSION = YES_AGGRESSIVE;
				CLANG_CXX_LANGUAGE_STANDARD = "gnu++20";
				CLANG_ENABLE_MODULES = YES;
				CLANG_ENABLE_OBJC_ARC = YES;
				CLANG_ENABLE_OBJC_WEAK = YES;
				CLANG_WARN_BLOCK_CAPTURE_AUTORELEASING = YES;
				CLANG_WARN_BOOL_CONVERSION = YES;
				CLANG_WARN_COMMA = YES;
				CLANG_WARN_CONSTANT_CONVERSION = YES;
				CLANG_WARN_DEPRECATED_OBJC_IMPLEMENTATIONS = YES;
				CLANG_WARN_DIRECT_OBJC_ISA_USAGE = YES_ERROR;
				CLANG_WARN_DOCUMENTATION_COMMENTS = YES;
				CLANG_WARN_EMPTY_BODY = YES;
				CLANG_WARN_ENUM_CONVERSION = YES;
				CLANG_WARN_INFINITE_RECURSION = YES;
				CLANG_WARN_INT_CONVERSION = YES;
				CLANG_WARN_NON_LITERAL_NULL_CONVERSION = YES;
				CLANG_WARN_OBJC_IMPLICIT_RETAIN_SELF = YES;
				CLANG_WARN_OBJC_LITERAL_CONVERSION = YES;
				CLANG_WARN_OBJC_ROOT_CLASS = YES_ERROR;
				CLANG_WARN_QUOTED_INCLUDE_IN_FRAMEWORK_HEADER = YES;
				CLANG_WARN_RANGE_LOOP_ANALYSIS = YES;
				CLANG_WARN_STRICT_PROTOTYPES = YES;
				CLANG_WARN_SUSPICIOUS_MOVE = YES;
				CLANG_WARN_UNGUARDED_AVAILABILITY = YES_AGGRESSIVE;
				CLANG_WARN_UNREACHABLE_CODE = YES;
				CLANG_WARN__DUPLICATE_METHOD_MATCH = YES;
				COPY_PHASE_STRIP = NO;
				DEBUG_INFORMATION_FORMAT = dwarf;
				ENABLE_STRICT_OBJC_MSGSEND = YES;
				ENABLE_TESTABILITY = YES;
				ENABLE_USER_SCRIPT_SANDBOXING = YES;
				GCC_C_LANGUAGE_STANDARD = gnu17;
				GCC_DYNAMIC_NO_PIC = NO;
				GCC_NO_COMMON_BLOCKS = YES;
				GCC_OPTIMIZATION_LEVEL = 0;
				GCC_PREPROCESSOR_DEFINITIONS = (
					"DEBUG=1",
					"$(inherited)",
				);
				GCC_WARN_64_TO_32_BIT_CONVERSION = YES;
				GCC_WARN_ABOUT_RETURN_TYPE = YES_ERROR;
				GCC_WARN_UNDECLARED_SELECTOR = YES;
				GCC_WARN_UNINITIALIZED_AUTOS = YES_AGGRESSIVE;
				GCC_WARN_UNUSED_FUNCTION = YES;
				GCC_WARN_UNUSED_VARIABLE = YES;
				IPHONEOS_DEPLOYMENT_TARGET = 17.2;
				LOCALIZATION_PREFERS_STRING_CATALOGS = YES;
				MTL_ENABLE_DEBUG_INFO = INCLUDE_SOURCE;
				MTL_FAST_MATH = YES;
				ONLY_ACTIVE_ARCH = YES;
				SDKROOT = iphoneos;
				SWIFT_ACTIVE_COMPILATION_CONDITIONS = "DEBUG $(inherited)";
				SWIFT_OPTIMIZATION_LEVEL = "-Onone";
			};
			name = Debug;
		};
		689171D82C849DDA0099F5EB /* Release */ = {
			isa = XCBuildConfiguration;
			buildSettings = {
				ALWAYS_SEARCH_USER_PATHS = NO;
				ASSETCATALOG_COMPILER_GENERATE_SWIFT_ASSET_SYMBOL_EXTENSIONS = YES;
				CLANG_ANALYZER_NONNULL = YES;
				CLANG_ANALYZER_NUMBER_OBJECT_CONVERSION = YES_AGGRESSIVE;
				CLANG_CXX_LANGUAGE_STANDARD = "gnu++20";
				CLANG_ENABLE_MODULES = YES;
				CLANG_ENABLE_OBJC_ARC = YES;
				CLANG_ENABLE_OBJC_WEAK = YES;
				CLANG_WARN_BLOCK_CAPTURE_AUTORELEASING = YES;
				CLANG_WARN_BOOL_CONVERSION = YES;
				CLANG_WARN_COMMA = YES;
				CLANG_WARN_CONSTANT_CONVERSION = YES;
				CLANG_WARN_DEPRECATED_OBJC_IMPLEMENTATIONS = YES;
				CLANG_WARN_DIRECT_OBJC_ISA_USAGE = YES_ERROR;
				CLANG_WARN_DOCUMENTATION_COMMENTS = YES;
				CLANG_WARN_EMPTY_BODY = YES;
				CLANG_WARN_ENUM_CONVERSION = YES;
				CLANG_WARN_INFINITE_RECURSION = YES;
				CLANG_WARN_INT_CONVERSION = YES;
				CLANG_WARN_NON_LITERAL_NULL_CONVERSION = YES;
				CLANG_WARN_OBJC_IMPLICIT_RETAIN_SELF = YES;
				CLANG_WARN_OBJC_LITERAL_CONVERSION = YES;
				CLANG_WARN_OBJC_ROOT_CLASS = YES_ERROR;
				CLANG_WARN_QUOTED_INCLUDE_IN_FRAMEWORK_HEADER = YES;
				CLANG_WARN_RANGE_LOOP_ANALYSIS = YES;
				CLANG_WARN_STRICT_PROTOTYPES = YES;
				CLANG_WARN_SUSPICIOUS_MOVE = YES;
				CLANG_WARN_UNGUARDED_AVAILABILITY = YES_AGGRESSIVE;
				CLANG_WARN_UNREACHABLE_CODE = YES;
				CLANG_WARN__DUPLICATE_METHOD_MATCH = YES;
				COPY_PHASE_STRIP = NO;
				DEBUG_INFORMATION_FORMAT = "dwarf-with-dsym";
				ENABLE_NS_ASSERTIONS = NO;
				ENABLE_STRICT_OBJC_MSGSEND = YES;
				ENABLE_USER_SCRIPT_SANDBOXING = YES;
				GCC_C_LANGUAGE_STANDARD = gnu17;
				GCC_NO_COMMON_BLOCKS = YES;
				GCC_WARN_64_TO_32_BIT_CONVERSION = YES;
				GCC_WARN_ABOUT_RETURN_TYPE = YES_ERROR;
				GCC_WARN_UNDECLARED_SELECTOR = YES;
				GCC_WARN_UNINITIALIZED_AUTOS = YES_AGGRESSIVE;
				GCC_WARN_UNUSED_FUNCTION = YES;
				GCC_WARN_UNUSED_VARIABLE = YES;
				IPHONEOS_DEPLOYMENT_TARGET = 17.2;
				LOCALIZATION_PREFERS_STRING_CATALOGS = YES;
				MTL_ENABLE_DEBUG_INFO = NO;
				MTL_FAST_MATH = YES;
				SDKROOT = iphoneos;
				SWIFT_COMPILATION_MODE = wholemodule;
				VALIDATE_PRODUCT = YES;
			};
			name = Release;
		};
		689171DA2C849DDA0099F5EB /* Debug */ = {
			isa = XCBuildConfiguration;
			buildSettings = {
				ASSETCATALOG_COMPILER_APPICON_NAME = AppIcon;
				ASSETCATALOG_COMPILER_GLOBAL_ACCENT_COLOR_NAME = AccentColor;
				CODE_SIGN_STYLE = Automatic;
				CURRENT_PROJECT_VERSION = 1;
				DEVELOPMENT_ASSET_PATHS = "\"BucketList/Preview Content\"";
				ENABLE_PREVIEWS = YES;
				GENERATE_INFOPLIST_FILE = YES;
				INFOPLIST_KEY_NSFaceIDUsageDescription = "We need to unlock your data";
				INFOPLIST_KEY_UIApplicationSceneManifest_Generation = YES;
				INFOPLIST_KEY_UIApplicationSupportsIndirectInputEvents = YES;
				INFOPLIST_KEY_UILaunchScreen_Generation = YES;
				INFOPLIST_KEY_UISupportedInterfaceOrientations_iPad = "UIInterfaceOrientationPortrait UIInterfaceOrientationPortraitUpsideDown UIInterfaceOrientationLandscapeLeft UIInterfaceOrientationLandscapeRight";
				INFOPLIST_KEY_UISupportedInterfaceOrientations_iPhone = "UIInterfaceOrientationPortrait UIInterfaceOrientationLandscapeLeft UIInterfaceOrientationLandscapeRight";
				LD_RUNPATH_SEARCH_PATHS = (
					"$(inherited)",
					"@executable_path/Frameworks",
				);
				MARKETING_VERSION = 1.0;
				PRODUCT_BUNDLE_IDENTIFIER = TV.BucketList;
				PRODUCT_NAME = "$(TARGET_NAME)";
				SWIFT_EMIT_LOC_STRINGS = YES;
				SWIFT_VERSION = 5.0;
				TARGETED_DEVICE_FAMILY = "1,2";
			};
			name = Debug;
		};
		689171DB2C849DDA0099F5EB /* Release */ = {
			isa = XCBuildConfiguration;
			buildSettings = {
				ASSETCATALOG_COMPILER_APPICON_NAME = AppIcon;
				ASSETCATALOG_COMPILER_GLOBAL_ACCENT_COLOR_NAME = AccentColor;
				CODE_SIGN_STYLE = Automatic;
				CURRENT_PROJECT_VERSION = 1;
				DEVELOPMENT_ASSET_PATHS = "\"BucketList/Preview Content\"";
				ENABLE_PREVIEWS = YES;
				GENERATE_INFOPLIST_FILE = YES;
				INFOPLIST_KEY_NSFaceIDUsageDescription = "We need to unlock your data";
				INFOPLIST_KEY_UIApplicationSceneManifest_Generation = YES;
				INFOPLIST_KEY_UIApplicationSupportsIndirectInputEvents = YES;
				INFOPLIST_KEY_UILaunchScreen_Generation = YES;
				INFOPLIST_KEY_UISupportedInterfaceOrientations_iPad = "UIInterfaceOrientationPortrait UIInterfaceOrientationPortraitUpsideDown UIInterfaceOrientationLandscapeLeft UIInterfaceOrientationLandscapeRight";
				INFOPLIST_KEY_UISupportedInterfaceOrientations_iPhone = "UIInterfaceOrientationPortrait UIInterfaceOrientationLandscapeLeft UIInterfaceOrientationLandscapeRight";
				LD_RUNPATH_SEARCH_PATHS = (
					"$(inherited)",
					"@executable_path/Frameworks",
				);
				MARKETING_VERSION = 1.0;
				PRODUCT_BUNDLE_IDENTIFIER = TV.BucketList;
				PRODUCT_NAME = "$(TARGET_NAME)";
				SWIFT_EMIT_LOC_STRINGS = YES;
				SWIFT_VERSION = 5.0;
				TARGETED_DEVICE_FAMILY = "1,2";
			};
			name = Release;
		};
/* End XCBuildConfiguration section */

/* Begin XCConfigurationList section */
		689171C62C849DD50099F5EB /* Build configuration list for PBXProject "BucketList" */ = {
			isa = XCConfigurationList;
			buildConfigurations = (
				689171D72C849DDA0099F5EB /* Debug */,
				689171D82C849DDA0099F5EB /* Release */,
			);
			defaultConfigurationIsVisible = 0;
			defaultConfigurationName = Release;
		};
		689171D92C849DDA0099F5EB /* Build configuration list for PBXNativeTarget "BucketList" */ = {
			isa = XCConfigurationList;
			buildConfigurations = (
				689171DA2C849DDA0099F5EB /* Debug */,
				689171DB2C849DDA0099F5EB /* Release */,
			);
			defaultConfigurationIsVisible = 0;
			defaultConfigurationName = Release;
		};
/* End XCConfigurationList section */
	};
	rootObject = 689171C32C849DD50099F5EB /* Project object */;
}
